// !$*UTF8*$!
{
	archiveVersion = 1;
	classes = {
	};
	objectVersion = 50;
	objects = {

/* Begin PBXBuildFile section */
		ABFF1F06227F65A6003CEB18 /* AppDelegate.swift in Sources */ = {isa = PBXBuildFile; fileRef = ABFF1F05227F65A6003CEB18 /* AppDelegate.swift */; };
		ABFF1F08227F65A6003CEB18 /* ViewController.swift in Sources */ = {isa = PBXBuildFile; fileRef = ABFF1F07227F65A6003CEB18 /* ViewController.swift */; };
		ABFF1F0B227F65A6003CEB18 /* Main.storyboard in Resources */ = {isa = PBXBuildFile; fileRef = ABFF1F09227F65A6003CEB18 /* Main.storyboard */; };
		ABFF1F0D227F65A7003CEB18 /* Assets.xcassets in Resources */ = {isa = PBXBuildFile; fileRef = ABFF1F0C227F65A7003CEB18 /* Assets.xcassets */; };
		ABFF1F10227F65A7003CEB18 /* LaunchScreen.storyboard in Resources */ = {isa = PBXBuildFile; fileRef = ABFF1F0E227F65A7003CEB18 /* LaunchScreen.storyboard */; };
		ABFF1F18227F65CE003CEB18 /* snippets.txt in Resources */ = {isa = PBXBuildFile; fileRef = ABFF1F17227F65CE003CEB18 /* snippets.txt */; };
/* End PBXBuildFile section */

/* Begin PBXFileReference section */
		ABFF1F02227F65A6003CEB18 /* RegisterApp.app */ = {isa = PBXFileReference; explicitFileType = wrapper.application; includeInIndex = 0; path = RegisterApp.app; sourceTree = BUILT_PRODUCTS_DIR; };
		ABFF1F05227F65A6003CEB18 /* AppDelegate.swift */ = {isa = PBXFileReference; lastKnownFileType = sourcecode.swift; path = AppDelegate.swift; sourceTree = "<group>"; };
		ABFF1F07227F65A6003CEB18 /* ViewController.swift */ = {isa = PBXFileReference; lastKnownFileType = sourcecode.swift; path = ViewController.swift; sourceTree = "<group>"; };
		ABFF1F0A227F65A6003CEB18 /* Base */ = {isa = PBXFileReference; lastKnownFileType = file.storyboard; name = Base; path = Base.lproj/Main.storyboard; sourceTree = "<group>"; };
		ABFF1F0C227F65A7003CEB18 /* Assets.xcassets */ = {isa = PBXFileReference; lastKnownFileType = folder.assetcatalog; path = Assets.xcassets; sourceTree = "<group>"; };
		ABFF1F0F227F65A7003CEB18 /* Base */ = {isa = PBXFileReference; lastKnownFileType = file.storyboard; name = Base; path = Base.lproj/LaunchScreen.storyboard; sourceTree = "<group>"; };
		ABFF1F11227F65A7003CEB18 /* Info.plist */ = {isa = PBXFileReference; lastKnownFileType = text.plist.xml; path = Info.plist; sourceTree = "<group>"; };
		ABFF1F17227F65CE003CEB18 /* snippets.txt */ = {isa = PBXFileReference; lastKnownFileType = text; path = snippets.txt; sourceTree = "<group>"; };
/* End PBXFileReference section */

/* Begin PBXFrameworksBuildPhase section */
		ABFF1EFF227F65A6003CEB18 /* Frameworks */ = {
			isa = PBXFrameworksBuildPhase;
			buildActionMask = 2147483647;
			files = (
			);
			runOnlyForDeploymentPostprocessing = 0;
		};
/* End PBXFrameworksBuildPhase section */

/* Begin PBXGroup section */
		ABFF1EF9227F65A6003CEB18 = {
			isa = PBXGroup;
			children = (
				ABFF1F17227F65CE003CEB18 /* snippets.txt */,
				ABFF1F04227F65A6003CEB18 /* RegisterApp */,
				ABFF1F03227F65A6003CEB18 /* Products */,
			);
			sourceTree = "<group>";
		};
		ABFF1F03227F65A6003CEB18 /* Products */ = {
			isa = PBXGroup;
			children = (
				ABFF1F02227F65A6003CEB18 /* RegisterApp.app */,
			);
			name = Products;
			sourceTree = "<group>";
		};
		ABFF1F04227F65A6003CEB18 /* RegisterApp */ = {
			isa = PBXGroup;
			children = (
				ABFF1F05227F65A6003CEB18 /* AppDelegate.swift */,
				ABFF1F07227F65A6003CEB18 /* ViewController.swift */,
				ABFF1F09227F65A6003CEB18 /* Main.storyboard */,
				ABFF1F0C227F65A7003CEB18 /* Assets.xcassets */,
				ABFF1F0E227F65A7003CEB18 /* LaunchScreen.storyboard */,
				ABFF1F11227F65A7003CEB18 /* Info.plist */,
			);
			path = RegisterApp;
			sourceTree = "<group>";
		};
/* End PBXGroup section */

/* Begin PBXNativeTarget section */
		ABFF1F01227F65A6003CEB18 /* RegisterApp */ = {
			isa = PBXNativeTarget;
			buildConfigurationList = ABFF1F14227F65A7003CEB18 /* Build configuration list for PBXNativeTarget "RegisterApp" */;
			buildPhases = (
				ABFF1EFE227F65A6003CEB18 /* Sources */,
				ABFF1EFF227F65A6003CEB18 /* Frameworks */,
				ABFF1F00227F65A6003CEB18 /* Resources */,
			);
			buildRules = (
			);
			dependencies = (
			);
			name = RegisterApp;
			productName = RegisterApp;
			productReference = ABFF1F02227F65A6003CEB18 /* RegisterApp.app */;
			productType = "com.apple.product-type.application";
		};
/* End PBXNativeTarget section */

/* Begin PBXProject section */
		ABFF1EFA227F65A6003CEB18 /* Project object */ = {
			isa = PBXProject;
			attributes = {
				LastSwiftUpdateCheck = 1020;
				LastUpgradeCheck = 1020;
				ORGANIZATIONNAME = "Bill Martensson";
				TargetAttributes = {
					ABFF1F01227F65A6003CEB18 = {
						CreatedOnToolsVersion = 10.2.1;
					};
				};
			};
			buildConfigurationList = ABFF1EFD227F65A6003CEB18 /* Build configuration list for PBXProject "RegisterApp" */;
			compatibilityVersion = "Xcode 9.3";
			developmentRegion = en;
			hasScannedForEncodings = 0;
			knownRegions = (
				en,
				Base,
			);
			mainGroup = ABFF1EF9227F65A6003CEB18;
			productRefGroup = ABFF1F03227F65A6003CEB18 /* Products */;
			projectDirPath = "";
			projectRoot = "";
			targets = (
				ABFF1F01227F65A6003CEB18 /* RegisterApp */,
			);
		};
/* End PBXProject section */

/* Begin PBXResourcesBuildPhase section */
		ABFF1F00227F65A6003CEB18 /* Resources */ = {
			isa = PBXResourcesBuildPhase;
			buildActionMask = 2147483647;
			files = (
				ABFF1F18227F65CE003CEB18 /* snippets.txt in Resources */,
				ABFF1F10227F65A7003CEB18 /* LaunchScreen.storyboard in Resources */,
				ABFF1F0D227F65A7003CEB18 /* Assets.xcassets in Resources */,
				ABFF1F0B227F65A6003CEB18 /* Main.storyboard in Resources */,
			);
			runOnlyForDeploymentPostprocessing = 0;
		};
/* End PBXResourcesBuildPhase section */

/* Begin PBXSourcesBuildPhase section */
		ABFF1EFE227F65A6003CEB18 /* Sources */ = {
			isa = PBXSourcesBuildPhase;
			buildActionMask = 2147483647;
			files = (
				ABFF1F08227F65A6003CEB18 /* ViewController.swift in Sources */,
				ABFF1F06227F65A6003CEB18 /* AppDelegate.swift in Sources */,
			);
			runOnlyForDeploymentPostprocessing = 0;
		};
/* End PBXSourcesBuildPhase section */

/* Begin PBXVariantGroup section */
		ABFF1F09227F65A6003CEB18 /* Main.storyboard */ = {
			isa = PBXVariantGroup;
			children = (
				ABFF1F0A227F65A6003CEB18 /* Base */,
			);
			name = Main.storyboard;
			sourceTree = "<group>";
		};
		ABFF1F0E227F65A7003CEB18 /* LaunchScreen.storyboard */ = {
			isa = PBXVariantGroup;
			children = (
				ABFF1F0F227F65A7003CEB18 /* Base */,
			);
			name = LaunchScreen.storyboard;
			sourceTree = "<group>";
		};
/* End PBXVariantGroup section */

/* Begin XCBuildConfiguration section */
		ABFF1F12227F65A7003CEB18 /* Debug */ = {
			isa = XCBuildConfiguration;
			buildSettings = {
				ALWAYS_SEARCH_USER_PATHS = NO;
				CLANG_ANALYZER_NONNULL = YES;
				CLANG_ANALYZER_NUMBER_OBJECT_CONVERSION = YES_AGGRESSIVE;
				CLANG_CXX_LANGUAGE_STANDARD = "gnu++14";
				CLANG_CXX_LIBRARY = "libc++";
				CLANG_ENABLE_MODULES = YES;
				CLANG_ENABLE_OBJC_ARC = YES;
				CLANG_ENABLE_OBJC_WEAK = YES;
				CLANG_WARN_BLOCK_CAPTURE_AUTORELEASING = YES;
				CLANG_WARN_BOOL_CONVERSION = YES;
				CLANG_WARN_COMMA = YES;
				CLANG_WARN_CONSTANT_CONVERSION = YES;
				CLANG_WARN_DEPRECATED_OBJC_IMPLEMENTATIONS = YES;
				CLANG_WARN_DIRECT_OBJC_ISA_USAGE = YES_ERROR;
				CLANG_WARN_DOCUMENTATION_COMMENTS = YES;
				CLANG_WARN_EMPTY_BODY = YES;
				CLANG_WARN_ENUM_CONVERSION = YES;
				CLANG_WARN_INFINITE_RECURSION = YES;
				CLANG_WARN_INT_CONVERSION = YES;
				CLANG_WARN_NON_LITERAL_NULL_CONVERSION = YES;
				CLANG_WARN_OBJC_IMPLICIT_RETAIN_SELF = YES;
				CLANG_WARN_OBJC_LITERAL_CONVERSION = YES;
				CLANG_WARN_OBJC_ROOT_CLASS = YES_ERROR;
				CLANG_WARN_RANGE_LOOP_ANALYSIS = YES;
				CLANG_WARN_STRICT_PROTOTYPES = YES;
				CLANG_WARN_SUSPICIOUS_MOVE = YES;
				CLANG_WARN_UNGUARDED_AVAILABILITY = YES_AGGRESSIVE;
				CLANG_WARN_UNREACHABLE_CODE = YES;
				CLANG_WARN__DUPLICATE_METHOD_MATCH = YES;
				CODE_SIGN_IDENTITY = "iPhone Developer";
				COPY_PHASE_STRIP = NO;
				DEBUG_INFORMATION_FORMAT = dwarf;
				ENABLE_STRICT_OBJC_MSGSEND = YES;
				ENABLE_TESTABILITY = YES;
				GCC_C_LANGUAGE_STANDARD = gnu11;
				GCC_DYNAMIC_NO_PIC = NO;
				GCC_NO_COMMON_BLOCKS = YES;
				GCC_OPTIMIZATION_LEVEL = 0;
				GCC_PREPROCESSOR_DEFINITIONS = (
					"DEBUG=1",
					"$(inherited)",
				);
				GCC_WARN_64_TO_32_BIT_CONVERSION = YES;
				GCC_WARN_ABOUT_RETURN_TYPE = YES_ERROR;
				GCC_WARN_UNDECLARED_SELECTOR = YES;
				GCC_WARN_UNINITIALIZED_AUTOS = YES_AGGRESSIVE;
				GCC_WARN_UNUSED_FUNCTION = YES;
				GCC_WARN_UNUSED_VARIABLE = YES;
				IPHONEOS_DEPLOYMENT_TARGET = 12.2;
				MTL_ENABLE_DEBUG_INFO = INCLUDE_SOURCE;
				MTL_FAST_MATH = YES;
				ONLY_ACTIVE_ARCH = YES;
				SDKROOT = iphoneos;
				SWIFT_ACTIVE_COMPILATION_CONDITIONS = DEBUG;
				SWIFT_OPTIMIZATION_LEVEL = "-Onone";
			};
			name = Debug;
		};
		ABFF1F13227F65A7003CEB18 /* Release */ = {
			isa = XCBuildConfiguration;
			buildSettings = {
				ALWAYS_SEARCH_USER_PATHS = NO;
				CLANG_ANALYZER_NONNULL = YES;
				CLANG_ANALYZER_NUMBER_OBJECT_CONVERSION = YES_AGGRESSIVE;
				CLANG_CXX_LANGUAGE_STANDARD = "gnu++14";
				CLANG_CXX_LIBRARY = "libc++";
				CLANG_ENABLE_MODULES = YES;
				CLANG_ENABLE_OBJC_ARC = YES;
				CLANG_ENABLE_OBJC_WEAK = YES;
				CLANG_WARN_BLOCK_CAPTURE_AUTORELEASING = YES;
				CLANG_WARN_BOOL_CONVERSION = YES;
				CLANG_WARN_COMMA = YES;
				CLANG_WARN_CONSTANT_CONVERSION = YES;
				CLANG_WARN_DEPRECATED_OBJC_IMPLEMENTATIONS = YES;
				CLANG_WARN_DIRECT_OBJC_ISA_USAGE = YES_ERROR;
				CLANG_WARN_DOCUMENTATION_COMMENTS = YES;
				CLANG_WARN_EMPTY_BODY = YES;
				CLANG_WARN_ENUM_CONVERSION = YES;
				CLANG_WARN_INFINITE_RECURSION = YES;
				CLANG_WARN_INT_CONVERSION = YES;
				CLANG_WARN_NON_LITERAL_NULL_CONVERSION = YES;
				CLANG_WARN_OBJC_IMPLICIT_RETAIN_SELF = YES;
				CLANG_WARN_OBJC_LITERAL_CONVERSION = YES;
				CLANG_WARN_OBJC_ROOT_CLASS = YES_ERROR;
				CLANG_WARN_RANGE_LOOP_ANALYSIS = YES;
				CLANG_WARN_STRICT_PROTOTYPES = YES;
				CLANG_WARN_SUSPICIOUS_MOVE = YES;
				CLANG_WARN_UNGUARDED_AVAILABILITY = YES_AGGRESSIVE;
				CLANG_WARN_UNREACHABLE_CODE = YES;
				CLANG_WARN__DUPLICATE_METHOD_MATCH = YES;
				CODE_SIGN_IDENTITY = "iPhone Developer";
				COPY_PHASE_STRIP = NO;
				DEBUG_INFORMATION_FORMAT = "dwarf-with-dsym";
				ENABLE_NS_ASSERTIONS = NO;
				ENABLE_STRICT_OBJC_MSGSEND = YES;
				GCC_C_LANGUAGE_STANDARD = gnu11;
				GCC_NO_COMMON_BLOCKS = YES;
				GCC_WARN_64_TO_32_BIT_CONVERSION = YES;
				GCC_WARN_ABOUT_RETURN_TYPE = YES_ERROR;
				GCC_WARN_UNDECLARED_SELECTOR = YES;
				GCC_WARN_UNINITIALIZED_AUTOS = YES_AGGRESSIVE;
				GCC_WARN_UNUSED_FUNCTION = YES;
				GCC_WARN_UNUSED_VARIABLE = YES;
				IPHONEOS_DEPLOYMENT_TARGET = 12.2;
				MTL_ENABLE_DEBUG_INFO = NO;
				MTL_FAST_MATH = YES;
				SDKROOT = iphoneos;
				SWIFT_COMPILATION_MODE = wholemodule;
				SWIFT_OPTIMIZATION_LEVEL = "-O";
				VALIDATE_PRODUCT = YES;
			};
			name = Release;
		};
		ABFF1F15227F65A7003CEB18 /* Debug */ = {
			isa = XCBuildConfiguration;
			buildSettings = {
				ASSETCATALOG_COMPILER_APPICON_NAME = AppIcon;
				CODE_SIGN_STYLE = Automatic;
				DEVELOPMENT_TEAM = "";
				INFOPLIST_FILE = RegisterApp/Info.plist;
				LD_RUNPATH_SEARCH_PATHS = (
					"$(inherited)",
					"@executable_path/Frameworks",
				);
				PRODUCT_BUNDLE_IDENTIFIER = se.magictechnology.RegisterApp;
				PRODUCT_NAME = "$(TARGET_NAME)";
				SWIFT_VERSION = 5.0;
				TARGETED_DEVICE_FAMILY = "1,2";
			};
			name = Debug;
		};
		ABFF1F16227F65A7003CEB18 /* Release */ = {
			isa = XCBuildConfiguration;
			buildSettings = {
				ASSETCATALOG_COMPILER_APPICON_NAME = AppIcon;
				CODE_SIGN_STYLE = Automatic;
				DEVELOPMENT_TEAM = "";
				INFOPLIST_FILE = RegisterApp/Info.plist;
				LD_RUNPATH_SEARCH_PATHS = (
					"$(inherited)",
					"@executable_path/Frameworks",
				);
				PRODUCT_BUNDLE_IDENTIFIER = se.magictechnology.RegisterApp;
				PRODUCT_NAME = "$(TARGET_NAME)";
				SWIFT_VERSION = 5.0;
				TARGETED_DEVICE_FAMILY = "1,2";
			};
			name = Release;
		};
/* End XCBuildConfiguration section */

/* Begin XCConfigurationList section */
		ABFF1EFD227F65A6003CEB18 /* Build configuration list for PBXProject "RegisterApp" */ = {
			isa = XCConfigurationList;
			buildConfigurations = (
				ABFF1F12227F65A7003CEB18 /* Debug */,
				ABFF1F13227F65A7003CEB18 /* Release */,
			);
			defaultConfigurationIsVisible = 0;
			defaultConfigurationName = Release;
		};
		ABFF1F14227F65A7003CEB18 /* Build configuration list for PBXNativeTarget "RegisterApp" */ = {
			isa = XCConfigurationList;
			buildConfigurations = (
				ABFF1F15227F65A7003CEB18 /* Debug */,
				ABFF1F16227F65A7003CEB18 /* Release */,
			);
			defaultConfigurationIsVisible = 0;
			defaultConfigurationName = Release;
		};
/* End XCConfigurationList section */
	};
	rootObject = ABFF1EFA227F65A6003CEB18 /* Project object */;
}
